
Microsoft Visual Studio Solution File, Format Version 12.00
# Visual Studio Version 17
VisualStudioVersion = 17.0.31903.59
MinimumVisualStudioVersion = 10.0.40219.1
Project("{FAE04EC0-301F-11D3-BF4B-00C04F79EFBC}") = "tamrin3", "tamrin3\tamrin3.csproj", "{46C47157-FC08-4392-9D62-832A41BE1200}"
EndProject
Global
	GlobalSection(SolutionConfigurationPlatforms) = preSolution
		Debug|Any CPU = Debug|Any CPU
		Release|Any CPU = Release|Any CPU
	EndGlobalSection
	GlobalSection(ProjectConfigurationPlatforms) = postSolution
		{46C47157-FC08-4392-9D62-832A41BE1200}.Debug|Any CPU.ActiveCfg = Debug|Any CPU
		{46C47157-FC08-4392-9D62-832A41BE1200}.Debug|Any CPU.Build.0 = Debug|Any CPU
		{46C47157-FC08-4392-9D62-832A41BE1200}.Release|Any CPU.ActiveCfg = Release|Any CPU
		{46C47157-FC08-4392-9D62-832A41BE1200}.Release|Any CPU.Build.0 = Release|Any CPU
	EndGlobalSection
	GlobalSection(SolutionProperties) = preSolution
		HideSolutionNode = FALSE
	EndGlobalSection
	GlobalSection(ExtensibilityGlobals) = postSolution
		SolutionGuid = {AD2E07EF-5CDF-4A65-AE8B-E9A86CF7B6C3}
	EndGlobalSection
EndGlobal
